<Solution>
  <Project Path="Microservice.API/Microservice.API.csproj" />
  <Project Path="Microservice.Application/Microservice.Application.csproj" />
  <Project Path="Microservice.Domain/Microservice.Domain.csproj" />
  <Project Path="Microservice.Infrastructure/Microservice.Infrastructure.csproj" />
  <Project Path="Microservice.Test/Microservice.Test.csproj" />
</Solution>
